
Microsoft Visual Studio Solution File, Format Version 12.00
# Visual Studio Version 17
VisualStudioVersion = 17.12.35728.132 d17.12
MinimumVisualStudioVersion = 10.0.40219.1
Project("{FAE04EC0-301F-11D3-BF4B-00C04F79EFBC}") = "Prototype", "Prototype\Prototype.csproj", "{657B6B2C-4979-4EAD-A01C-80D1E8E6557C}"
EndProject
Global
	GlobalSection(SolutionConfigurationPlatforms) = preSolution
		Debug|Any CPU = Debug|Any CPU
		Release|Any CPU = Release|Any CPU
	EndGlobalSection
	GlobalSection(ProjectConfigurationPlatforms) = postSolution
		{657B6B2C-4979-4EAD-A01C-80D1E8E6557C}.Debug|Any CPU.ActiveCfg = Debug|Any CPU
		{657B6B2C-4979-4EAD-A01C-80D1E8E6557C}.Debug|Any CPU.Build.0 = Debug|Any CPU
		{657B6B2C-4979-4EAD-A01C-80D1E8E6557C}.Release|Any CPU.ActiveCfg = Release|Any CPU
		{657B6B2C-4979-4EAD-A01C-80D1E8E6557C}.Release|Any CPU.Build.0 = Release|Any CPU
	EndGlobalSection
	GlobalSection(SolutionProperties) = preSolution
		HideSolutionNode = FALSE
	EndGlobalSection
EndGlobal
